
Microsoft Visual Studio Solution File, Format Version 12.00
# Visual Studio 15
VisualStudioVersion = 15.0.28307.1622
MinimumVisualStudioVersion = 10.0.40219.1
Project("{D2ABAB84-BF74-430A-B69E-9DC6D40DDA17}") = "Final Project", "Final Project\Final Project.dwproj", "{668FC519-8140-458D-B6B1-140DE9EB9DE4}"
EndProject
Global
	GlobalSection(SolutionConfigurationPlatforms) = preSolution
		Development|Default = Development|Default
	EndGlobalSection
	GlobalSection(ProjectConfigurationPlatforms) = postSolution
		{668FC519-8140-458D-B6B1-140DE9EB9DE4}.Development|Default.ActiveCfg = Development
		{668FC519-8140-458D-B6B1-140DE9EB9DE4}.Development|Default.Build.0 = Development
		{668FC519-8140-458D-B6B1-140DE9EB9DE4}.Development|Default.Deploy.0 = Development
	EndGlobalSection
	GlobalSection(SolutionProperties) = preSolution
		HideSolutionNode = FALSE
	EndGlobalSection
	GlobalSection(ExtensibilityGlobals) = postSolution
		SolutionGuid = {4E163D5C-816E-4AC1-924D-43A307184F75}
	EndGlobalSection
EndGlobal
